// !$*UTF8*$!
{
	archiveVersion = 1;
	classes = {};
	objectVersion = 56;
	objects = {

/* Begin PBXBuildFile section */
		000000000000000000000020 /* ByFTPApp.swift in Sources */ = {isa = PBXBuildFile; fileRef = 000000000000000000000010 /* ByFTPApp.swift */; };
		000000000000000000000021 /* ContentView.swift in Sources */ = {isa = PBXBuildFile; fileRef = 000000000000000000000011 /* ContentView.swift */; };
		000000000000000000000022 /* ConnectionView.swift in Sources */ = {isa = PBXBuildFile; fileRef = 000000000000000000000012 /* ConnectionView.swift */; };
		000000000000000000000023 /* RemoteBrowserView.swift in Sources */ = {isa = PBXBuildFile; fileRef = 000000000000000000000013 /* RemoteBrowserView.swift */; };
		000000000000000000000024 /* SessionStore.swift in Sources */ = {isa = PBXBuildFile; fileRef = 000000000000000000000014 /* SessionStore.swift */; };
		000000000000000000000025 /* ConnectionConfig.swift in Sources */ = {isa = PBXBuildFile; fileRef = 000000000000000000000015 /* ConnectionConfig.swift */; };
		000000000000000000000026 /* RemoteModels.swift in Sources */ = {isa = PBXBuildFile; fileRef = 000000000000000000000016 /* RemoteModels.swift */; };
		000000000000000000000027 /* SocketConnection.swift in Sources */ = {isa = PBXBuildFile; fileRef = 000000000000000000000017 /* SocketConnection.swift */; };
		000000000000000000000028 /* FTPRemoteClient.swift in Sources */ = {isa = PBXBuildFile; fileRef = 000000000000000000000018 /* FTPRemoteClient.swift */; };
		000000000000000000000029 /* Assets.xcassets in Resources */ = {isa = PBXBuildFile; fileRef = 000000000000000000000019 /* Assets.xcassets */; };
/* End PBXBuildFile section */

/* Begin PBXFileReference section */
		000000000000000000000010 /* ByFTPApp.swift */ = {isa = PBXFileReference; lastKnownFileType = sourcecode.swift; path = ByFTPApp.swift; sourceTree = "<group>"; };
		000000000000000000000011 /* ContentView.swift */ = {isa = PBXFileReference; lastKnownFileType = sourcecode.swift; path = ContentView.swift; sourceTree = "<group>"; };
		000000000000000000000012 /* ConnectionView.swift */ = {isa = PBXFileReference; lastKnownFileType = sourcecode.swift; path = ConnectionView.swift; sourceTree = "<group>"; };
		000000000000000000000013 /* RemoteBrowserView.swift */ = {isa = PBXFileReference; lastKnownFileType = sourcecode.swift; path = RemoteBrowserView.swift; sourceTree = "<group>"; };
		000000000000000000000014 /* SessionStore.swift */ = {isa = PBXFileReference; lastKnownFileType = sourcecode.swift; path = SessionStore.swift; sourceTree = "<group>"; };
		000000000000000000000015 /* ConnectionConfig.swift */ = {isa = PBXFileReference; lastKnownFileType = sourcecode.swift; path = ConnectionConfig.swift; sourceTree = "<group>"; };
		000000000000000000000016 /* RemoteModels.swift */ = {isa = PBXFileReference; lastKnownFileType = sourcecode.swift; path = RemoteModels.swift; sourceTree = "<group>"; };
		000000000000000000000017 /* SocketConnection.swift */ = {isa = PBXFileReference; lastKnownFileType = sourcecode.swift; path = SocketConnection.swift; sourceTree = "<group>"; };
		000000000000000000000018 /* FTPRemoteClient.swift */ = {isa = PBXFileReference; lastKnownFileType = sourcecode.swift; path = FTPRemoteClient.swift; sourceTree = "<group>"; };
		000000000000000000000019 /* Assets.xcassets */ = {isa = PBXFileReference; lastKnownFileType = folder.assetcatalog; path = Assets.xcassets; sourceTree = "<group>"; };
		00000000000000000000001A /* Info.plist */ = {isa = PBXFileReference; lastKnownFileType = text.plist.xml; path = Info.plist; sourceTree = "<group>"; };
		000000000000000000000006 /* ByFTP.app */ = {isa = PBXFileReference; explicitFileType = wrapper.application; includeInIndex = 0; path = ByFTP.app; sourceTree = BUILT_PRODUCTS_DIR; };
/* End PBXFileReference section */

/* Begin PBXFrameworksBuildPhase section */
		000000000000000000000008 /* Frameworks */ = {
			isa = PBXFrameworksBuildPhase;
			buildActionMask = 2147483647;
			files = ();
			runOnlyForDeploymentPostprocessing = 0;
		};
/* End PBXFrameworksBuildPhase section */

/* Begin PBXGroup section */
		000000000000000000000003 = {
			isa = PBXGroup;
			children = (
				000000000000000000000004 /* ByFTP */,
				000000000000000000000005 /* Products */,
			);
			sourceTree = "<group>";
		};
		000000000000000000000004 /* ByFTP */ = {
			isa = PBXGroup;
			children = (
				000000000000000000000010 /* ByFTPApp.swift */,
				000000000000000000000011 /* ContentView.swift */,
				000000000000000000000012 /* ConnectionView.swift */,
				000000000000000000000013 /* RemoteBrowserView.swift */,
				000000000000000000000014 /* SessionStore.swift */,
				000000000000000000000015 /* ConnectionConfig.swift */,
				000000000000000000000016 /* RemoteModels.swift */,
				000000000000000000000017 /* SocketConnection.swift */,
				000000000000000000000018 /* FTPRemoteClient.swift */,
				000000000000000000000019 /* Assets.xcassets */,
				00000000000000000000001A /* Info.plist */,
			);
			path = ByFTP;
			sourceTree = "<group>";
		};
		000000000000000000000005 /* Products */ = {
			isa = PBXGroup;
			children = (
				000000000000000000000006 /* ByFTP.app */,
			);
			name = Products;
			sourceTree = "<group>";
		};
/* End PBXGroup section */

/* Begin PBXNativeTarget section */
		000000000000000000000002 /* ByFTP */ = {
			isa = PBXNativeTarget;
			buildConfigurationList = 00000000000000000000000B /* Build configuration list for PBXNativeTarget "ByFTP" */;
			buildPhases = (
				000000000000000000000007 /* Sources */,
				000000000000000000000008 /* Frameworks */,
				000000000000000000000009 /* Resources */,
			);
			buildRules = ();
			dependencies = ();
			name = ByFTP;
			productName = ByFTP;
			productReference = 000000000000000000000006 /* ByFTP.app */;
			productType = "com.apple.product-type.application";
		};
/* End PBXNativeTarget section */

/* Begin PBXProject section */
		000000000000000000000001 /* Project object */ = {
			isa = PBXProject;
			attributes = {
				BuildIndependentTargetsInParallel = YES;
				LastSwiftUpdateCheck = 1600;
				LastUpgradeCheck = 1600;
				TargetAttributes = {
					000000000000000000000002 = {
						CreatedOnToolsVersion = 16.0;
					};
				};
			};
			buildConfigurationList = 00000000000000000000000A /* Build configuration list for PBXProject "ByFTP" */;
			compatibilityVersion = "Xcode 14.0";
			developmentRegion = en;
			hasScannedForEncodings = 0;
			knownRegions = (
				en,
				Base,
			);
			mainGroup = 000000000000000000000003;
			productRefGroup = 000000000000000000000005 /* Products */;
			projectDirPath = "";
			projectRoot = "";
			targets = (
				000000000000000000000002 /* ByFTP */,
			);
		};
/* End PBXProject section */

/* Begin PBXResourcesBuildPhase section */
		000000000000000000000009 /* Resources */ = {
			isa = PBXResourcesBuildPhase;
			buildActionMask = 2147483647;
			files = (
				000000000000000000000029 /* Assets.xcassets in Resources */,
			);
			runOnlyForDeploymentPostprocessing = 0;
		};
/* End PBXResourcesBuildPhase section */

/* Begin PBXSourcesBuildPhase section */
		000000000000000000000007 /* Sources */ = {
			isa = PBXSourcesBuildPhase;
			buildActionMask = 2147483647;
			files = (
				000000000000000000000020 /* ByFTPApp.swift in Sources */,
				000000000000000000000021 /* ContentView.swift in Sources */,
				000000000000000000000022 /* ConnectionView.swift in Sources */,
				000000000000000000000023 /* RemoteBrowserView.swift in Sources */,
				000000000000000000000024 /* SessionStore.swift in Sources */,
				000000000000000000000025 /* ConnectionConfig.swift in Sources */,
				000000000000000000000026 /* RemoteModels.swift in Sources */,
				000000000000000000000027 /* SocketConnection.swift in Sources */,
				000000000000000000000028 /* FTPRemoteClient.swift in Sources */,
			);
			runOnlyForDeploymentPostprocessing = 0;
		};
/* End PBXSourcesBuildPhase section */

/* Begin XCBuildConfiguration section */
		00000000000000000000000C /* Debug */ = {
			isa = XCBuildConfiguration;
			buildSettings = {
				ALWAYS_SEARCH_USER_PATHS = NO;
				CLANG_ENABLE_MODULES = YES;
				COPY_PHASE_STRIP = NO;
				DEBUG_INFORMATION_FORMAT = dwarf;
				ENABLE_TESTABILITY = YES;
				GCC_C_LANGUAGE_STANDARD = gnu17;
				ONLY_ACTIVE_ARCH = YES;
				SDKROOT = iphoneos;
				SWIFT_ACTIVE_COMPILATION_CONDITIONS = DEBUG;
				SWIFT_OPTIMIZATION_LEVEL = "-Onone";
			};
			name = Debug;
		};
		00000000000000000000000D /* Release */ = {
			isa = XCBuildConfiguration;
			buildSettings = {
				ALWAYS_SEARCH_USER_PATHS = NO;
				CLANG_ENABLE_MODULES = YES;
				COPY_PHASE_STRIP = YES;
				DEBUG_INFORMATION_FORMAT = "dwarf-with-dsym";
				ENABLE_NS_ASSERTIONS = NO;
				GCC_C_LANGUAGE_STANDARD = gnu17;
				SDKROOT = iphoneos;
				SWIFT_COMPILATION_MODE = wholemodule;
				SWIFT_OPTIMIZATION_LEVEL = "-O";
				VALIDATE_PRODUCT = YES;
			};
			name = Release;
		};
		00000000000000000000000E /* Debug */ = {
			isa = XCBuildConfiguration;
			buildSettings = {
				ASSETCATALOG_COMPILER_APPICON_NAME = AppIcon;
				CODE_SIGN_STYLE = Automatic;
				CURRENT_PROJECT_VERSION = 1;
				ENABLE_USER_SCRIPT_SANDBOXING = YES;
				INFOPLIST_FILE = ByFTP/Info.plist;
				IPHONEOS_DEPLOYMENT_TARGET = 16.0;
				MARKETING_VERSION = 0.0.0;
				PRODUCT_BUNDLE_IDENTIFIER = com.byftp.client;
				PRODUCT_NAME = "$(TARGET_NAME)";
				SWIFT_VERSION = 5.0;
				TARGETED_DEVICE_FAMILY = "1,2";
			};
			name = Debug;
		};
		00000000000000000000000F /* Release */ = {
			isa = XCBuildConfiguration;
			buildSettings = {
				ASSETCATALOG_COMPILER_APPICON_NAME = AppIcon;
				CODE_SIGN_STYLE = Automatic;
				CURRENT_PROJECT_VERSION = 1;
				ENABLE_USER_SCRIPT_SANDBOXING = YES;
				INFOPLIST_FILE = ByFTP/Info.plist;
				IPHONEOS_DEPLOYMENT_TARGET = 16.0;
				MARKETING_VERSION = 0.0.0;
				PRODUCT_BUNDLE_IDENTIFIER = com.byftp.client;
				PRODUCT_NAME = "$(TARGET_NAME)";
				SWIFT_VERSION = 5.0;
				TARGETED_DEVICE_FAMILY = "1,2";
			};
			name = Release;
		};
/* End XCBuildConfiguration section */

/* Begin XCConfigurationList section */
		00000000000000000000000A /* Build configuration list for PBXProject "ByFTP" */ = {
			isa = XCConfigurationList;
			buildConfigurations = (
				00000000000000000000000C /* Debug */,
				00000000000000000000000D /* Release */,
			);
			defaultConfigurationIsVisible = 0;
			defaultConfigurationName = Release;
		};
		00000000000000000000000B /* Build configuration list for PBXNativeTarget "ByFTP" */ = {
			isa = XCConfigurationList;
			buildConfigurations = (
				00000000000000000000000E /* Debug */,
				00000000000000000000000F /* Release */,
			);
			defaultConfigurationIsVisible = 0;
			defaultConfigurationName = Release;
		};
/* End XCConfigurationList section */
	};
	rootObject = 000000000000000000000001 /* Project object */;
}
